
Microsoft Visual Studio Solution File, Format Version 12.00
# Visual Studio Version 16
VisualStudioVersion = 16.0.31702.278
MinimumVisualStudioVersion = 10.0.40219.1
Project("{FAE04EC0-301F-11D3-BF4B-00C04F79EFBC}") = "U25", "U25\U25.csproj", "{3BCB8B62-F8A6-4937-B145-1BBF94D595BC}"
EndProject
Project("{FAE04EC0-301F-11D3-BF4B-00C04F79EFBC}") = "U20", "U20\U20.csproj", "{016FD559-8F72-4768-8002-E4048459C35D}"
EndProject
Project("{FAE04EC0-301F-11D3-BF4B-00C04F79EFBC}") = "U28", "U28\U28.csproj", "{12E9DCE4-D601-475A-B42F-322AAC1E03C3}"
EndProject
Global
	GlobalSection(SolutionConfigurationPlatforms) = preSolution
		Debug|ARM = Debug|ARM
		Debug|ARM64 = Debug|ARM64
		Debug|x64 = Debug|x64
		Debug|x86 = Debug|x86
		Release|ARM = Release|ARM
		Release|ARM64 = Release|ARM64
		Release|x64 = Release|x64
		Release|x86 = Release|x86
	EndGlobalSection
	GlobalSection(ProjectConfigurationPlatforms) = postSolution
		{3BCB8B62-F8A6-4937-B145-1BBF94D595BC}.Debug|ARM.ActiveCfg = Debug|ARM
		{3BCB8B62-F8A6-4937-B145-1BBF94D595BC}.Debug|ARM.Build.0 = Debug|ARM
		{3BCB8B62-F8A6-4937-B145-1BBF94D595BC}.Debug|ARM.Deploy.0 = Debug|ARM
		{3BCB8B62-F8A6-4937-B145-1BBF94D595BC}.Debug|ARM64.ActiveCfg = Debug|ARM64
		{3BCB8B62-F8A6-4937-B145-1BBF94D595BC}.Debug|ARM64.Build.0 = Debug|ARM64
		{3BCB8B62-F8A6-4937-B145-1BBF94D595BC}.Debug|ARM64.Deploy.0 = Debug|ARM64
		{3BCB8B62-F8A6-4937-B145-1BBF94D595BC}.Debug|x64.ActiveCfg = Debug|x64
		{3BCB8B62-F8A6-4937-B145-1BBF94D595BC}.Debug|x64.Build.0 = Debug|x64
		{3BCB8B62-F8A6-4937-B145-1BBF94D595BC}.Debug|x64.Deploy.0 = Debug|x64
		{3BCB8B62-F8A6-4937-B145-1BBF94D595BC}.Debug|x86.ActiveCfg = Debug|x86
		{3BCB8B62-F8A6-4937-B145-1BBF94D595BC}.Debug|x86.Build.0 = Debug|x86
		{3BCB8B62-F8A6-4937-B145-1BBF94D595BC}.Debug|x86.Deploy.0 = Debug|x86
		{3BCB8B62-F8A6-4937-B145-1BBF94D595BC}.Release|ARM.ActiveCfg = Release|ARM
		{3BCB8B62-F8A6-4937-B145-1BBF94D595BC}.Release|ARM.Build.0 = Release|ARM
		{3BCB8B62-F8A6-4937-B145-1BBF94D595BC}.Release|ARM.Deploy.0 = Release|ARM
		{3BCB8B62-F8A6-4937-B145-1BBF94D595BC}.Release|ARM64.ActiveCfg = Release|ARM64
		{3BCB8B62-F8A6-4937-B145-1BBF94D595BC}.Release|ARM64.Build.0 = Release|ARM64
		{3BCB8B62-F8A6-4937-B145-1BBF94D595BC}.Release|ARM64.Deploy.0 = Release|ARM64
		{3BCB8B62-F8A6-4937-B145-1BBF94D595BC}.Release|x64.ActiveCfg = Release|x64
		{3BCB8B62-F8A6-4937-B145-1BBF94D595BC}.Release|x64.Build.0 = Release|x64
		{3BCB8B62-F8A6-4937-B145-1BBF94D595BC}.Release|x64.Deploy.0 = Release|x64
		{3BCB8B62-F8A6-4937-B145-1BBF94D595BC}.Release|x86.ActiveCfg = Release|x86
		{3BCB8B62-F8A6-4937-B145-1BBF94D595BC}.Release|x86.Build.0 = Release|x86
		{3BCB8B62-F8A6-4937-B145-1BBF94D595BC}.Release|x86.Deploy.0 = Release|x86
		{016FD559-8F72-4768-8002-E4048459C35D}.Debug|ARM.ActiveCfg = Debug|ARM
		{016FD559-8F72-4768-8002-E4048459C35D}.Debug|ARM.Build.0 = Debug|ARM
		{016FD559-8F72-4768-8002-E4048459C35D}.Debug|ARM.Deploy.0 = Debug|ARM
		{016FD559-8F72-4768-8002-E4048459C35D}.Debug|ARM64.ActiveCfg = Debug|ARM64
		{016FD559-8F72-4768-8002-E4048459C35D}.Debug|ARM64.Build.0 = Debug|ARM64
		{016FD559-8F72-4768-8002-E4048459C35D}.Debug|ARM64.Deploy.0 = Debug|ARM64
		{016FD559-8F72-4768-8002-E4048459C35D}.Debug|x64.ActiveCfg = Debug|x64
		{016FD559-8F72-4768-8002-E4048459C35D}.Debug|x64.Build.0 = Debug|x64
		{016FD559-8F72-4768-8002-E4048459C35D}.Debug|x64.Deploy.0 = Debug|x64
		{016FD559-8F72-4768-8002-E4048459C35D}.Debug|x86.ActiveCfg = Debug|x86
		{016FD559-8F72-4768-8002-E4048459C35D}.Debug|x86.Build.0 = Debug|x86
		{016FD559-8F72-4768-8002-E4048459C35D}.Debug|x86.Deploy.0 = Debug|x86
		{016FD559-8F72-4768-8002-E4048459C35D}.Release|ARM.ActiveCfg = Release|ARM
		{016FD559-8F72-4768-8002-E4048459C35D}.Release|ARM.Build.0 = Release|ARM
		{016FD559-8F72-4768-8002-E4048459C35D}.Release|ARM.Deploy.0 = Release|ARM
		{016FD559-8F72-4768-8002-E4048459C35D}.Release|ARM64.ActiveCfg = Release|ARM64
		{016FD559-8F72-4768-8002-E4048459C35D}.Release|ARM64.Build.0 = Release|ARM64
		{016FD559-8F72-4768-8002-E4048459C35D}.Release|ARM64.Deploy.0 = Release|ARM64
		{016FD559-8F72-4768-8002-E4048459C35D}.Release|x64.ActiveCfg = Release|x64
		{016FD559-8F72-4768-8002-E4048459C35D}.Release|x64.Build.0 = Release|x64
		{016FD559-8F72-4768-8002-E4048459C35D}.Release|x64.Deploy.0 = Release|x64
		{016FD559-8F72-4768-8002-E4048459C35D}.Release|x86.ActiveCfg = Release|x86
		{016FD559-8F72-4768-8002-E4048459C35D}.Release|x86.Build.0 = Release|x86
		{016FD559-8F72-4768-8002-E4048459C35D}.Release|x86.Deploy.0 = Release|x86
		{12E9DCE4-D601-475A-B42F-322AAC1E03C3}.Debug|ARM.ActiveCfg = Debug|ARM
		{12E9DCE4-D601-475A-B42F-322AAC1E03C3}.Debug|ARM.Build.0 = Debug|ARM
		{12E9DCE4-D601-475A-B42F-322AAC1E03C3}.Debug|ARM.Deploy.0 = Debug|ARM
		{12E9DCE4-D601-475A-B42F-322AAC1E03C3}.Debug|ARM64.ActiveCfg = Debug|ARM64
		{12E9DCE4-D601-475A-B42F-322AAC1E03C3}.Debug|ARM64.Build.0 = Debug|ARM64
		{12E9DCE4-D601-475A-B42F-322AAC1E03C3}.Debug|ARM64.Deploy.0 = Debug|ARM64
		{12E9DCE4-D601-475A-B42F-322AAC1E03C3}.Debug|x64.ActiveCfg = Debug|x64
		{12E9DCE4-D601-475A-B42F-322AAC1E03C3}.Debug|x64.Build.0 = Debug|x64
		{12E9DCE4-D601-475A-B42F-322AAC1E03C3}.Debug|x64.Deploy.0 = Debug|x64
		{12E9DCE4-D601-475A-B42F-322AAC1E03C3}.Debug|x86.ActiveCfg = Debug|x86
		{12E9DCE4-D601-475A-B42F-322AAC1E03C3}.Debug|x86.Build.0 = Debug|x86
		{12E9DCE4-D601-475A-B42F-322AAC1E03C3}.Debug|x86.Deploy.0 = Debug|x86
		{12E9DCE4-D601-475A-B42F-322AAC1E03C3}.Release|ARM.ActiveCfg = Release|ARM
		{12E9DCE4-D601-475A-B42F-322AAC1E03C3}.Release|ARM.Build.0 = Release|ARM
		{12E9DCE4-D601-475A-B42F-322AAC1E03C3}.Release|ARM.Deploy.0 = Release|ARM
		{12E9DCE4-D601-475A-B42F-322AAC1E03C3}.Release|ARM64.ActiveCfg = Release|ARM64
		{12E9DCE4-D601-475A-B42F-322AAC1E03C3}.Release|ARM64.Build.0 = Release|ARM64
		{12E9DCE4-D601-475A-B42F-322AAC1E03C3}.Release|ARM64.Deploy.0 = Release|ARM64
		{12E9DCE4-D601-475A-B42F-322AAC1E03C3}.Release|x64.ActiveCfg = Release|x64
		{12E9DCE4-D601-475A-B42F-322AAC1E03C3}.Release|x64.Build.0 = Release|x64
		{12E9DCE4-D601-475A-B42F-322AAC1E03C3}.Release|x64.Deploy.0 = Release|x64
		{12E9DCE4-D601-475A-B42F-322AAC1E03C3}.Release|x86.ActiveCfg = Release|x86
		{12E9DCE4-D601-475A-B42F-322AAC1E03C3}.Release|x86.Build.0 = Release|x86
		{12E9DCE4-D601-475A-B42F-322AAC1E03C3}.Release|x86.Deploy.0 = Release|x86
	EndGlobalSection
	GlobalSection(SolutionProperties) = preSolution
		HideSolutionNode = FALSE
	EndGlobalSection
	GlobalSection(ExtensibilityGlobals) = postSolution
		SolutionGuid = {2D6B5744-28AD-412C-8AA5-D00D248D6F95}
	EndGlobalSection
EndGlobal
